// !$*UTF8*$!
{
	archiveVersion = 1;
	classes = {
	};
	objectVersion = 56;
	objects = {

/* Begin PBXBuildFile section */
		F721E3642D4929D600DCB256 /* TaskPetsApp.swift in Sources */ = {isa = PBXBuildFile; fileRef = F721E3632D4929D600DCB256 /* TaskPetsApp.swift */; };
		F721E3662D4929D600DCB256 /* BreedListView.swift in Sources */ = {isa = PBXBuildFile; fileRef = F721E3652D4929D600DCB256 /* BreedListView.swift */; };
		F721E3682D4929DD00DCB256 /* Assets.xcassets in Resources */ = {isa = PBXBuildFile; fileRef = F721E3672D4929DD00DCB256 /* Assets.xcassets */; };
		F721E36B2D4929DD00DCB256 /* Preview Assets.xcassets in Resources */ = {isa = PBXBuildFile; fileRef = F721E36A2D4929DD00DCB256 /* Preview Assets.xcassets */; };
		F721E37B2D493BA200DCB256 /* APIManager.swift in Sources */ = {isa = PBXBuildFile; fileRef = F721E37A2D493BA200DCB256 /* APIManager.swift */; };
		F721E37E2D493C1400DCB256 /* Alamofire in Frameworks */ = {isa = PBXBuildFile; productRef = F721E37D2D493C1400DCB256 /* Alamofire */; };
		F721E3802D493C1400DCB256 /* AlamofireDynamic in Frameworks */ = {isa = PBXBuildFile; productRef = F721E37F2D493C1400DCB256 /* AlamofireDynamic */; };
		F721E3822D493C3400DCB256 /* Endpoint.swift in Sources */ = {isa = PBXBuildFile; fileRef = F721E3812D493C3400DCB256 /* Endpoint.swift */; };
		F721E3842D493C6200DCB256 /* APIError.swift in Sources */ = {isa = PBXBuildFile; fileRef = F721E3832D493C6200DCB256 /* APIError.swift */; };
		F721E3862D493F8A00DCB256 /* BreedListViewModel.swift in Sources */ = {isa = PBXBuildFile; fileRef = F721E3852D493F8A00DCB256 /* BreedListViewModel.swift */; };
		F721E3882D49533100DCB256 /* BreedModel.swift in Sources */ = {isa = PBXBuildFile; fileRef = F721E3872D49533100DCB256 /* BreedModel.swift */; };
		F721E38B2D49544E00DCB256 /* CatEndpoint.swift in Sources */ = {isa = PBXBuildFile; fileRef = F721E38A2D49544E00DCB256 /* CatEndpoint.swift */; };
		F721E38D2D4956EB00DCB256 /* BreedCellView.swift in Sources */ = {isa = PBXBuildFile; fileRef = F721E38C2D4956EB00DCB256 /* BreedCellView.swift */; };
		F721E3912D497EAE00DCB256 /* BreedDetailView.swift in Sources */ = {isa = PBXBuildFile; fileRef = F721E3902D497EAE00DCB256 /* BreedDetailView.swift */; };
		F721E3942D4AB2F500DCB256 /* Kingfisher in Frameworks */ = {isa = PBXBuildFile; productRef = F721E3932D4AB2F500DCB256 /* Kingfisher */; };
/* End PBXBuildFile section */

/* Begin PBXFileReference section */
		F721E3602D4929D600DCB256 /* TaskPets.app */ = {isa = PBXFileReference; explicitFileType = wrapper.application; includeInIndex = 0; path = TaskPets.app; sourceTree = BUILT_PRODUCTS_DIR; };
		F721E3632D4929D600DCB256 /* TaskPetsApp.swift */ = {isa = PBXFileReference; lastKnownFileType = sourcecode.swift; path = TaskPetsApp.swift; sourceTree = "<group>"; };
		F721E3652D4929D600DCB256 /* BreedListView.swift */ = {isa = PBXFileReference; lastKnownFileType = sourcecode.swift; path = BreedListView.swift; sourceTree = "<group>"; };
		F721E3672D4929DD00DCB256 /* Assets.xcassets */ = {isa = PBXFileReference; lastKnownFileType = folder.assetcatalog; path = Assets.xcassets; sourceTree = "<group>"; };
		F721E36A2D4929DD00DCB256 /* Preview Assets.xcassets */ = {isa = PBXFileReference; lastKnownFileType = folder.assetcatalog; path = "Preview Assets.xcassets"; sourceTree = "<group>"; };
		F721E37A2D493BA200DCB256 /* APIManager.swift */ = {isa = PBXFileReference; lastKnownFileType = sourcecode.swift; path = APIManager.swift; sourceTree = "<group>"; };
		F721E3812D493C3400DCB256 /* Endpoint.swift */ = {isa = PBXFileReference; lastKnownFileType = sourcecode.swift; path = Endpoint.swift; sourceTree = "<group>"; };
		F721E3832D493C6200DCB256 /* APIError.swift */ = {isa = PBXFileReference; lastKnownFileType = sourcecode.swift; path = APIError.swift; sourceTree = "<group>"; };
		F721E3852D493F8A00DCB256 /* BreedListViewModel.swift */ = {isa = PBXFileReference; lastKnownFileType = sourcecode.swift; path = BreedListViewModel.swift; sourceTree = "<group>"; };
		F721E3872D49533100DCB256 /* BreedModel.swift */ = {isa = PBXFileReference; lastKnownFileType = sourcecode.swift; path = BreedModel.swift; sourceTree = "<group>"; };
		F721E38A2D49544E00DCB256 /* CatEndpoint.swift */ = {isa = PBXFileReference; lastKnownFileType = sourcecode.swift; path = CatEndpoint.swift; sourceTree = "<group>"; };
		F721E38C2D4956EB00DCB256 /* BreedCellView.swift */ = {isa = PBXFileReference; lastKnownFileType = sourcecode.swift; path = BreedCellView.swift; sourceTree = "<group>"; };
		F721E3902D497EAE00DCB256 /* BreedDetailView.swift */ = {isa = PBXFileReference; lastKnownFileType = sourcecode.swift; path = BreedDetailView.swift; sourceTree = "<group>"; };
/* End PBXFileReference section */

/* Begin PBXFrameworksBuildPhase section */
		F721E35D2D4929D600DCB256 /* Frameworks */ = {
			isa = PBXFrameworksBuildPhase;
			buildActionMask = 2147483647;
			files = (
				F721E3942D4AB2F500DCB256 /* Kingfisher in Frameworks */,
				F721E37E2D493C1400DCB256 /* Alamofire in Frameworks */,
				F721E3802D493C1400DCB256 /* AlamofireDynamic in Frameworks */,
			);
			runOnlyForDeploymentPostprocessing = 0;
		};
/* End PBXFrameworksBuildPhase section */

/* Begin PBXGroup section */
		F721E3572D4929D600DCB256 = {
			isa = PBXGroup;
			children = (
				F721E3622D4929D600DCB256 /* TaskPets */,
				F721E3612D4929D600DCB256 /* Products */,
			);
			sourceTree = "<group>";
		};
		F721E3612D4929D600DCB256 /* Products */ = {
			isa = PBXGroup;
			children = (
				F721E3602D4929D600DCB256 /* TaskPets.app */,
			);
			name = Products;
			sourceTree = "<group>";
		};
		F721E3622D4929D600DCB256 /* TaskPets */ = {
			isa = PBXGroup;
			children = (
				F721E3742D493AC900DCB256 /* Models */,
				F721E3732D493AB900DCB256 /* Views */,
				F721E3752D493ACF00DCB256 /* ViewModels */,
				F721E3712D493A8700DCB256 /* Managers */,
				F721E3892D49543300DCB256 /* Helper */,
				F721E3632D4929D600DCB256 /* TaskPetsApp.swift */,
				F721E3672D4929DD00DCB256 /* Assets.xcassets */,
				F721E3692D4929DD00DCB256 /* Preview Content */,
			);
			path = TaskPets;
			sourceTree = "<group>";
		};
		F721E3692D4929DD00DCB256 /* Preview Content */ = {
			isa = PBXGroup;
			children = (
				F721E36A2D4929DD00DCB256 /* Preview Assets.xcassets */,
			);
			path = "Preview Content";
			sourceTree = "<group>";
		};
		F721E3712D493A8700DCB256 /* Managers */ = {
			isa = PBXGroup;
			children = (
				F721E3792D493B7900DCB256 /* HTTP */,
			);
			path = Managers;
			sourceTree = "<group>";
		};
		F721E3732D493AB900DCB256 /* Views */ = {
			isa = PBXGroup;
			children = (
				F721E3652D4929D600DCB256 /* BreedListView.swift */,
				F721E38C2D4956EB00DCB256 /* BreedCellView.swift */,
				F721E3902D497EAE00DCB256 /* BreedDetailView.swift */,
			);
			path = Views;
			sourceTree = "<group>";
		};
		F721E3742D493AC900DCB256 /* Models */ = {
			isa = PBXGroup;
			children = (
				F721E3872D49533100DCB256 /* BreedModel.swift */,
			);
			path = Models;
			sourceTree = "<group>";
		};
		F721E3752D493ACF00DCB256 /* ViewModels */ = {
			isa = PBXGroup;
			children = (
				F721E3852D493F8A00DCB256 /* BreedListViewModel.swift */,
			);
			path = ViewModels;
			sourceTree = "<group>";
		};
		F721E3762D493B1F00DCB256 /* APIManager */ = {
			isa = PBXGroup;
			children = (
				F721E37A2D493BA200DCB256 /* APIManager.swift */,
			);
			path = APIManager;
			sourceTree = "<group>";
		};
		F721E3772D493B2B00DCB256 /* APIError */ = {
			isa = PBXGroup;
			children = (
				F721E3832D493C6200DCB256 /* APIError.swift */,
			);
			path = APIError;
			sourceTree = "<group>";
		};
		F721E3782D493B3400DCB256 /* Endpoint */ = {
			isa = PBXGroup;
			children = (
				F721E3812D493C3400DCB256 /* Endpoint.swift */,
			);
			path = Endpoint;
			sourceTree = "<group>";
		};
		F721E3792D493B7900DCB256 /* HTTP */ = {
			isa = PBXGroup;
			children = (
				F721E3762D493B1F00DCB256 /* APIManager */,
				F721E3772D493B2B00DCB256 /* APIError */,
				F721E3782D493B3400DCB256 /* Endpoint */,
			);
			path = HTTP;
			sourceTree = "<group>";
		};
		F721E3892D49543300DCB256 /* Helper */ = {
			isa = PBXGroup;
			children = (
				F721E38A2D49544E00DCB256 /* CatEndpoint.swift */,
			);
			path = Helper;
			sourceTree = "<group>";
		};
/* End PBXGroup section */

/* Begin PBXNativeTarget section */
		F721E35F2D4929D600DCB256 /* TaskPets */ = {
			isa = PBXNativeTarget;
			buildConfigurationList = F721E36E2D4929DD00DCB256 /* Build configuration list for PBXNativeTarget "TaskPets" */;
			buildPhases = (
				F721E35C2D4929D600DCB256 /* Sources */,
				F721E35D2D4929D600DCB256 /* Frameworks */,
				F721E35E2D4929D600DCB256 /* Resources */,
			);
			buildRules = (
			);
			dependencies = (
			);
			name = TaskPets;
			packageProductDependencies = (
				F721E37D2D493C1400DCB256 /* Alamofire */,
				F721E37F2D493C1400DCB256 /* AlamofireDynamic */,
				F721E3932D4AB2F500DCB256 /* Kingfisher */,
			);
			productName = TaskPets;
			productReference = F721E3602D4929D600DCB256 /* TaskPets.app */;
			productType = "com.apple.product-type.application";
		};
/* End PBXNativeTarget section */

/* Begin PBXProject section */
		F721E3582D4929D600DCB256 /* Project object */ = {
			isa = PBXProject;
			attributes = {
				BuildIndependentTargetsInParallel = 1;
				LastSwiftUpdateCheck = 1500;
				LastUpgradeCheck = 1500;
				TargetAttributes = {
					F721E35F2D4929D600DCB256 = {
						CreatedOnToolsVersion = 15.0.1;
					};
				};
			};
			buildConfigurationList = F721E35B2D4929D600DCB256 /* Build configuration list for PBXProject "TaskPets" */;
			compatibilityVersion = "Xcode 14.0";
			developmentRegion = en;
			hasScannedForEncodings = 0;
			knownRegions = (
				en,
				Base,
			);
			mainGroup = F721E3572D4929D600DCB256;
			packageReferences = (
				F721E37C2D493C1400DCB256 /* XCRemoteSwiftPackageReference "Alamofire" */,
				F721E3922D4AB2F400DCB256 /* XCRemoteSwiftPackageReference "Kingfisher" */,
			);
			productRefGroup = F721E3612D4929D600DCB256 /* Products */;
			projectDirPath = "";
			projectRoot = "";
			targets = (
				F721E35F2D4929D600DCB256 /* TaskPets */,
			);
		};
/* End PBXProject section */

/* Begin PBXResourcesBuildPhase section */
		F721E35E2D4929D600DCB256 /* Resources */ = {
			isa = PBXResourcesBuildPhase;
			buildActionMask = 2147483647;
			files = (
				F721E36B2D4929DD00DCB256 /* Preview Assets.xcassets in Resources */,
				F721E3682D4929DD00DCB256 /* Assets.xcassets in Resources */,
			);
			runOnlyForDeploymentPostprocessing = 0;
		};
/* End PBXResourcesBuildPhase section */

/* Begin PBXSourcesBuildPhase section */
		F721E35C2D4929D600DCB256 /* Sources */ = {
			isa = PBXSourcesBuildPhase;
			buildActionMask = 2147483647;
			files = (
				F721E37B2D493BA200DCB256 /* APIManager.swift in Sources */,
				F721E3882D49533100DCB256 /* BreedModel.swift in Sources */,
				F721E3912D497EAE00DCB256 /* BreedDetailView.swift in Sources */,
				F721E3662D4929D600DCB256 /* BreedListView.swift in Sources */,
				F721E3842D493C6200DCB256 /* APIError.swift in Sources */,
				F721E3862D493F8A00DCB256 /* BreedListViewModel.swift in Sources */,
				F721E38D2D4956EB00DCB256 /* BreedCellView.swift in Sources */,
				F721E38B2D49544E00DCB256 /* CatEndpoint.swift in Sources */,
				F721E3822D493C3400DCB256 /* Endpoint.swift in Sources */,
				F721E3642D4929D600DCB256 /* TaskPetsApp.swift in Sources */,
			);
			runOnlyForDeploymentPostprocessing = 0;
		};
/* End PBXSourcesBuildPhase section */

/* Begin XCBuildConfiguration section */
		F721E36C2D4929DD00DCB256 /* Debug */ = {
			isa = XCBuildConfiguration;
			buildSettings = {
				ALWAYS_SEARCH_USER_PATHS = NO;
				ASSETCATALOG_COMPILER_GENERATE_SWIFT_ASSET_SYMBOL_EXTENSIONS = YES;
				CLANG_ANALYZER_NONNULL = YES;
				CLANG_ANALYZER_NUMBER_OBJECT_CONVERSION = YES_AGGRESSIVE;
				CLANG_CXX_LANGUAGE_STANDARD = "gnu++20";
				CLANG_ENABLE_MODULES = YES;
				CLANG_ENABLE_OBJC_ARC = YES;
				CLANG_ENABLE_OBJC_WEAK = YES;
				CLANG_WARN_BLOCK_CAPTURE_AUTORELEASING = YES;
				CLANG_WARN_BOOL_CONVERSION = YES;
				CLANG_WARN_COMMA = YES;
				CLANG_WARN_CONSTANT_CONVERSION = YES;
				CLANG_WARN_DEPRECATED_OBJC_IMPLEMENTATIONS = YES;
				CLANG_WARN_DIRECT_OBJC_ISA_USAGE = YES_ERROR;
				CLANG_WARN_DOCUMENTATION_COMMENTS = YES;
				CLANG_WARN_EMPTY_BODY = YES;
				CLANG_WARN_ENUM_CONVERSION = YES;
				CLANG_WARN_INFINITE_RECURSION = YES;
				CLANG_WARN_INT_CONVERSION = YES;
				CLANG_WARN_NON_LITERAL_NULL_CONVERSION = YES;
				CLANG_WARN_OBJC_IMPLICIT_RETAIN_SELF = YES;
				CLANG_WARN_OBJC_LITERAL_CONVERSION = YES;
				CLANG_WARN_OBJC_ROOT_CLASS = YES_ERROR;
				CLANG_WARN_QUOTED_INCLUDE_IN_FRAMEWORK_HEADER = YES;
				CLANG_WARN_RANGE_LOOP_ANALYSIS = YES;
				CLANG_WARN_STRICT_PROTOTYPES = YES;
				CLANG_WARN_SUSPICIOUS_MOVE = YES;
				CLANG_WARN_UNGUARDED_AVAILABILITY = YES_AGGRESSIVE;
				CLANG_WARN_UNREACHABLE_CODE = YES;
				CLANG_WARN__DUPLICATE_METHOD_MATCH = YES;
				COPY_PHASE_STRIP = NO;
				DEBUG_INFORMATION_FORMAT = dwarf;
				ENABLE_STRICT_OBJC_MSGSEND = YES;
				ENABLE_TESTABILITY = YES;
				ENABLE_USER_SCRIPT_SANDBOXING = YES;
				GCC_C_LANGUAGE_STANDARD = gnu17;
				GCC_DYNAMIC_NO_PIC = NO;
				GCC_NO_COMMON_BLOCKS = YES;
				GCC_OPTIMIZATION_LEVEL = 0;
				GCC_PREPROCESSOR_DEFINITIONS = (
					"DEBUG=1",
					"$(inherited)",
				);
				GCC_WARN_64_TO_32_BIT_CONVERSION = YES;
				GCC_WARN_ABOUT_RETURN_TYPE = YES_ERROR;
				GCC_WARN_UNDECLARED_SELECTOR = YES;
				GCC_WARN_UNINITIALIZED_AUTOS = YES_AGGRESSIVE;
				GCC_WARN_UNUSED_FUNCTION = YES;
				GCC_WARN_UNUSED_VARIABLE = YES;
				IPHONEOS_DEPLOYMENT_TARGET = 17.0;
				LOCALIZATION_PREFERS_STRING_CATALOGS = YES;
				MTL_ENABLE_DEBUG_INFO = INCLUDE_SOURCE;
				MTL_FAST_MATH = YES;
				ONLY_ACTIVE_ARCH = YES;
				SDKROOT = iphoneos;
				SWIFT_ACTIVE_COMPILATION_CONDITIONS = "DEBUG $(inherited)";
				SWIFT_OPTIMIZATION_LEVEL = "-Onone";
			};
			name = Debug;
		};
		F721E36D2D4929DD00DCB256 /* Release */ = {
			isa = XCBuildConfiguration;
			buildSettings = {
				ALWAYS_SEARCH_USER_PATHS = NO;
				ASSETCATALOG_COMPILER_GENERATE_SWIFT_ASSET_SYMBOL_EXTENSIONS = YES;
				CLANG_ANALYZER_NONNULL = YES;
				CLANG_ANALYZER_NUMBER_OBJECT_CONVERSION = YES_AGGRESSIVE;
				CLANG_CXX_LANGUAGE_STANDARD = "gnu++20";
				CLANG_ENABLE_MODULES = YES;
				CLANG_ENABLE_OBJC_ARC = YES;
				CLANG_ENABLE_OBJC_WEAK = YES;
				CLANG_WARN_BLOCK_CAPTURE_AUTORELEASING = YES;
				CLANG_WARN_BOOL_CONVERSION = YES;
				CLANG_WARN_COMMA = YES;
				CLANG_WARN_CONSTANT_CONVERSION = YES;
				CLANG_WARN_DEPRECATED_OBJC_IMPLEMENTATIONS = YES;
				CLANG_WARN_DIRECT_OBJC_ISA_USAGE = YES_ERROR;
				CLANG_WARN_DOCUMENTATION_COMMENTS = YES;
				CLANG_WARN_EMPTY_BODY = YES;
				CLANG_WARN_ENUM_CONVERSION = YES;
				CLANG_WARN_INFINITE_RECURSION = YES;
				CLANG_WARN_INT_CONVERSION = YES;
				CLANG_WARN_NON_LITERAL_NULL_CONVERSION = YES;
				CLANG_WARN_OBJC_IMPLICIT_RETAIN_SELF = YES;
				CLANG_WARN_OBJC_LITERAL_CONVERSION = YES;
				CLANG_WARN_OBJC_ROOT_CLASS = YES_ERROR;
				CLANG_WARN_QUOTED_INCLUDE_IN_FRAMEWORK_HEADER = YES;
				CLANG_WARN_RANGE_LOOP_ANALYSIS = YES;
				CLANG_WARN_STRICT_PROTOTYPES = YES;
				CLANG_WARN_SUSPICIOUS_MOVE = YES;
				CLANG_WARN_UNGUARDED_AVAILABILITY = YES_AGGRESSIVE;
				CLANG_WARN_UNREACHABLE_CODE = YES;
				CLANG_WARN__DUPLICATE_METHOD_MATCH = YES;
				COPY_PHASE_STRIP = NO;
				DEBUG_INFORMATION_FORMAT = "dwarf-with-dsym";
				ENABLE_NS_ASSERTIONS = NO;
				ENABLE_STRICT_OBJC_MSGSEND = YES;
				ENABLE_USER_SCRIPT_SANDBOXING = YES;
				GCC_C_LANGUAGE_STANDARD = gnu17;
				GCC_NO_COMMON_BLOCKS = YES;
				GCC_WARN_64_TO_32_BIT_CONVERSION = YES;
				GCC_WARN_ABOUT_RETURN_TYPE = YES_ERROR;
				GCC_WARN_UNDECLARED_SELECTOR = YES;
				GCC_WARN_UNINITIALIZED_AUTOS = YES_AGGRESSIVE;
				GCC_WARN_UNUSED_FUNCTION = YES;
				GCC_WARN_UNUSED_VARIABLE = YES;
				IPHONEOS_DEPLOYMENT_TARGET = 17.0;
				LOCALIZATION_PREFERS_STRING_CATALOGS = YES;
				MTL_ENABLE_DEBUG_INFO = NO;
				MTL_FAST_MATH = YES;
				SDKROOT = iphoneos;
				SWIFT_COMPILATION_MODE = wholemodule;
				VALIDATE_PRODUCT = YES;
			};
			name = Release;
		};
		F721E36F2D4929DD00DCB256 /* Debug */ = {
			isa = XCBuildConfiguration;
			buildSettings = {
				ASSETCATALOG_COMPILER_APPICON_NAME = AppIcon;
				ASSETCATALOG_COMPILER_GLOBAL_ACCENT_COLOR_NAME = AccentColor;
				CODE_SIGN_STYLE = Automatic;
				CURRENT_PROJECT_VERSION = 1;
				DEVELOPMENT_ASSET_PATHS = "\"TaskPets/Preview Content\"";
				DEVELOPMENT_TEAM = N8L5F3M6C5;
				ENABLE_PREVIEWS = YES;
				GENERATE_INFOPLIST_FILE = YES;
				INFOPLIST_KEY_UIApplicationSceneManifest_Generation = YES;
				INFOPLIST_KEY_UIApplicationSupportsIndirectInputEvents = YES;
				INFOPLIST_KEY_UILaunchScreen_Generation = YES;
				INFOPLIST_KEY_UISupportedInterfaceOrientations = UIInterfaceOrientationPortrait;
				INFOPLIST_KEY_UISupportedInterfaceOrientations_iPad = "UIInterfaceOrientationLandscapeLeft UIInterfaceOrientationLandscapeRight UIInterfaceOrientationPortrait UIInterfaceOrientationPortraitUpsideDown";
				IPHONEOS_DEPLOYMENT_TARGET = 16.0;
				LD_RUNPATH_SEARCH_PATHS = (
					"$(inherited)",
					"@executable_path/Frameworks",
				);
				MARKETING_VERSION = 1.0;
				PRODUCT_BUNDLE_IDENTIFIER = kiri4of.projects.TaskPets;
				PRODUCT_NAME = "$(TARGET_NAME)";
				SUPPORTED_PLATFORMS = "iphoneos iphonesimulator";
				SUPPORTS_MACCATALYST = NO;
				SUPPORTS_MAC_DESIGNED_FOR_IPHONE_IPAD = NO;
				SWIFT_EMIT_LOC_STRINGS = YES;
				SWIFT_VERSION = 5.0;
				TARGETED_DEVICE_FAMILY = 1;
			};
			name = Debug;
		};
		F721E3702D4929DD00DCB256 /* Release */ = {
			isa = XCBuildConfiguration;
			buildSettings = {
				ASSETCATALOG_COMPILER_APPICON_NAME = AppIcon;
				ASSETCATALOG_COMPILER_GLOBAL_ACCENT_COLOR_NAME = AccentColor;
				CODE_SIGN_STYLE = Automatic;
				CURRENT_PROJECT_VERSION = 1;
				DEVELOPMENT_ASSET_PATHS = "\"TaskPets/Preview Content\"";
				DEVELOPMENT_TEAM = N8L5F3M6C5;
				ENABLE_PREVIEWS = YES;
				GENERATE_INFOPLIST_FILE = YES;
				INFOPLIST_KEY_UIApplicationSceneManifest_Generation = YES;
				INFOPLIST_KEY_UIApplicationSupportsIndirectInputEvents = YES;
				INFOPLIST_KEY_UILaunchScreen_Generation = YES;
				INFOPLIST_KEY_UISupportedInterfaceOrientations = UIInterfaceOrientationPortrait;
				INFOPLIST_KEY_UISupportedInterfaceOrientations_iPad = "UIInterfaceOrientationLandscapeLeft UIInterfaceOrientationLandscapeRight UIInterfaceOrientationPortrait UIInterfaceOrientationPortraitUpsideDown";
				IPHONEOS_DEPLOYMENT_TARGET = 16.0;
				LD_RUNPATH_SEARCH_PATHS = (
					"$(inherited)",
					"@executable_path/Frameworks",
				);
				MARKETING_VERSION = 1.0;
				PRODUCT_BUNDLE_IDENTIFIER = kiri4of.projects.TaskPets;
				PRODUCT_NAME = "$(TARGET_NAME)";
				SUPPORTED_PLATFORMS = "iphoneos iphonesimulator";
				SUPPORTS_MACCATALYST = NO;
				SUPPORTS_MAC_DESIGNED_FOR_IPHONE_IPAD = NO;
				SWIFT_EMIT_LOC_STRINGS = YES;
				SWIFT_VERSION = 5.0;
				TARGETED_DEVICE_FAMILY = 1;
			};
			name = Release;
		};
/* End XCBuildConfiguration section */

/* Begin XCConfigurationList section */
		F721E35B2D4929D600DCB256 /* Build configuration list for PBXProject "TaskPets" */ = {
			isa = XCConfigurationList;
			buildConfigurations = (
				F721E36C2D4929DD00DCB256 /* Debug */,
				F721E36D2D4929DD00DCB256 /* Release */,
			);
			defaultConfigurationIsVisible = 0;
			defaultConfigurationName = Release;
		};
		F721E36E2D4929DD00DCB256 /* Build configuration list for PBXNativeTarget "TaskPets" */ = {
			isa = XCConfigurationList;
			buildConfigurations = (
				F721E36F2D4929DD00DCB256 /* Debug */,
				F721E3702D4929DD00DCB256 /* Release */,
			);
			defaultConfigurationIsVisible = 0;
			defaultConfigurationName = Release;
		};
/* End XCConfigurationList section */

/* Begin XCRemoteSwiftPackageReference section */
		F721E37C2D493C1400DCB256 /* XCRemoteSwiftPackageReference "Alamofire" */ = {
			isa = XCRemoteSwiftPackageReference;
			repositoryURL = "https://github.com/Alamofire/Alamofire.git";
			requirement = {
				kind = upToNextMajorVersion;
				minimumVersion = 5.10.2;
			};
		};
		F721E3922D4AB2F400DCB256 /* XCRemoteSwiftPackageReference "Kingfisher" */ = {
			isa = XCRemoteSwiftPackageReference;
			repositoryURL = "https://github.com/onevcat/Kingfisher";
			requirement = {
				kind = upToNextMajorVersion;
				minimumVersion = 8.1.4;
			};
		};
/* End XCRemoteSwiftPackageReference section */

/* Begin XCSwiftPackageProductDependency section */
		F721E37D2D493C1400DCB256 /* Alamofire */ = {
			isa = XCSwiftPackageProductDependency;
			package = F721E37C2D493C1400DCB256 /* XCRemoteSwiftPackageReference "Alamofire" */;
			productName = Alamofire;
		};
		F721E37F2D493C1400DCB256 /* AlamofireDynamic */ = {
			isa = XCSwiftPackageProductDependency;
			package = F721E37C2D493C1400DCB256 /* XCRemoteSwiftPackageReference "Alamofire" */;
			productName = AlamofireDynamic;
		};
		F721E3932D4AB2F500DCB256 /* Kingfisher */ = {
			isa = XCSwiftPackageProductDependency;
			package = F721E3922D4AB2F400DCB256 /* XCRemoteSwiftPackageReference "Kingfisher" */;
			productName = Kingfisher;
		};
/* End XCSwiftPackageProductDependency section */
	};
	rootObject = F721E3582D4929D600DCB256 /* Project object */;
}
